// !$*UTF8*$!
{
	archiveVersion = 1;
	classes = {
	};
	objectVersion = 50;
	objects = {

/* Begin PBXBuildFile section */
		D051417323B16E3200CD9D79 /* AppDelegate.swift in Sources */ = {isa = PBXBuildFile; fileRef = D051417223B16E3200CD9D79 /* AppDelegate.swift */; };
		D051417523B16E3200CD9D79 /* SceneDelegate.swift in Sources */ = {isa = PBXBuildFile; fileRef = D051417423B16E3200CD9D79 /* SceneDelegate.swift */; };
		D051417723B16E3200CD9D79 /* ViewController.swift in Sources */ = {isa = PBXBuildFile; fileRef = D051417623B16E3200CD9D79 /* ViewController.swift */; };
		D051417A23B16E3200CD9D79 /* Main.storyboard in Resources */ = {isa = PBXBuildFile; fileRef = D051417823B16E3200CD9D79 /* Main.storyboard */; };
		D051417C23B16E3400CD9D79 /* Assets.xcassets in Resources */ = {isa = PBXBuildFile; fileRef = D051417B23B16E3400CD9D79 /* Assets.xcassets */; };
		D051417F23B16E3400CD9D79 /* LaunchScreen.storyboard in Resources */ = {isa = PBXBuildFile; fileRef = D051417D23B16E3400CD9D79 /* LaunchScreen.storyboard */; };
		D051418A23B16E3500CD9D79 /* Just_TipTests.swift in Sources */ = {isa = PBXBuildFile; fileRef = D051418923B16E3500CD9D79 /* Just_TipTests.swift */; };
		D051419523B16E3500CD9D79 /* Just_TipUITests.swift in Sources */ = {isa = PBXBuildFile; fileRef = D051419423B16E3500CD9D79 /* Just_TipUITests.swift */; };
		D05141A323B1E0EC00CD9D79 /* SettingsViewController.swift in Sources */ = {isa = PBXBuildFile; fileRef = D05141A223B1E0EC00CD9D79 /* SettingsViewController.swift */; };
/* End PBXBuildFile section */

/* Begin PBXContainerItemProxy section */
		D051418623B16E3500CD9D79 /* PBXContainerItemProxy */ = {
			isa = PBXContainerItemProxy;
			containerPortal = D051416723B16E3200CD9D79 /* Project object */;
			proxyType = 1;
			remoteGlobalIDString = D051416E23B16E3200CD9D79;
			remoteInfo = "Just Tip";
		};
		D051419123B16E3500CD9D79 /* PBXContainerItemProxy */ = {
			isa = PBXContainerItemProxy;
			containerPortal = D051416723B16E3200CD9D79 /* Project object */;
			proxyType = 1;
			remoteGlobalIDString = D051416E23B16E3200CD9D79;
			remoteInfo = "Just Tip";
		};
/* End PBXContainerItemProxy section */

/* Begin PBXFileReference section */
		D051416F23B16E3200CD9D79 /* Just Tip.app */ = {isa = PBXFileReference; explicitFileType = wrapper.application; includeInIndex = 0; path = "Just Tip.app"; sourceTree = BUILT_PRODUCTS_DIR; };
		D051417223B16E3200CD9D79 /* AppDelegate.swift */ = {isa = PBXFileReference; lastKnownFileType = sourcecode.swift; path = AppDelegate.swift; sourceTree = "<group>"; };
		D051417423B16E3200CD9D79 /* SceneDelegate.swift */ = {isa = PBXFileReference; lastKnownFileType = sourcecode.swift; path = SceneDelegate.swift; sourceTree = "<group>"; };
		D051417623B16E3200CD9D79 /* ViewController.swift */ = {isa = PBXFileReference; lastKnownFileType = sourcecode.swift; path = ViewController.swift; sourceTree = "<group>"; };
		D051417923B16E3200CD9D79 /* Base */ = {isa = PBXFileReference; lastKnownFileType = file.storyboard; name = Base; path = Base.lproj/Main.storyboard; sourceTree = "<group>"; };
		D051417B23B16E3400CD9D79 /* Assets.xcassets */ = {isa = PBXFileReference; lastKnownFileType = folder.assetcatalog; path = Assets.xcassets; sourceTree = "<group>"; };
		D051417E23B16E3400CD9D79 /* Base */ = {isa = PBXFileReference; lastKnownFileType = file.storyboard; name = Base; path = Base.lproj/LaunchScreen.storyboard; sourceTree = "<group>"; };
		D051418023B16E3400CD9D79 /* Info.plist */ = {isa = PBXFileReference; lastKnownFileType = text.plist.xml; path = Info.plist; sourceTree = "<group>"; };
		D051418523B16E3500CD9D79 /* Just TipTests.xctest */ = {isa = PBXFileReference; explicitFileType = wrapper.cfbundle; includeInIndex = 0; path = "Just TipTests.xctest"; sourceTree = BUILT_PRODUCTS_DIR; };
		D051418923B16E3500CD9D79 /* Just_TipTests.swift */ = {isa = PBXFileReference; lastKnownFileType = sourcecode.swift; path = Just_TipTests.swift; sourceTree = "<group>"; };
		D051418B23B16E3500CD9D79 /* Info.plist */ = {isa = PBXFileReference; lastKnownFileType = text.plist.xml; path = Info.plist; sourceTree = "<group>"; };
		D051419023B16E3500CD9D79 /* Just TipUITests.xctest */ = {isa = PBXFileReference; explicitFileType = wrapper.cfbundle; includeInIndex = 0; path = "Just TipUITests.xctest"; sourceTree = BUILT_PRODUCTS_DIR; };
		D051419423B16E3500CD9D79 /* Just_TipUITests.swift */ = {isa = PBXFileReference; lastKnownFileType = sourcecode.swift; path = Just_TipUITests.swift; sourceTree = "<group>"; };
		D051419623B16E3500CD9D79 /* Info.plist */ = {isa = PBXFileReference; lastKnownFileType = text.plist.xml; path = Info.plist; sourceTree = "<group>"; };
		D05141A223B1E0EC00CD9D79 /* SettingsViewController.swift */ = {isa = PBXFileReference; lastKnownFileType = sourcecode.swift; path = SettingsViewController.swift; sourceTree = "<group>"; };
/* End PBXFileReference section */

/* Begin PBXFrameworksBuildPhase section */
		D051416C23B16E3200CD9D79 /* Frameworks */ = {
			isa = PBXFrameworksBuildPhase;
			buildActionMask = 2147483647;
			files = (
			);
			runOnlyForDeploymentPostprocessing = 0;
		};
		D051418223B16E3500CD9D79 /* Frameworks */ = {
			isa = PBXFrameworksBuildPhase;
			buildActionMask = 2147483647;
			files = (
			);
			runOnlyForDeploymentPostprocessing = 0;
		};
		D051418D23B16E3500CD9D79 /* Frameworks */ = {
			isa = PBXFrameworksBuildPhase;
			buildActionMask = 2147483647;
			files = (
			);
			runOnlyForDeploymentPostprocessing = 0;
		};
/* End PBXFrameworksBuildPhase section */

/* Begin PBXGroup section */
		D051416623B16E3200CD9D79 = {
			isa = PBXGroup;
			children = (
				D051417123B16E3200CD9D79 /* Just Tip */,
				D051418823B16E3500CD9D79 /* Just TipTests */,
				D051419323B16E3500CD9D79 /* Just TipUITests */,
				D051417023B16E3200CD9D79 /* Products */,
			);
			sourceTree = "<group>";
		};
		D051417023B16E3200CD9D79 /* Products */ = {
			isa = PBXGroup;
			children = (
				D051416F23B16E3200CD9D79 /* Just Tip.app */,
				D051418523B16E3500CD9D79 /* Just TipTests.xctest */,
				D051419023B16E3500CD9D79 /* Just TipUITests.xctest */,
			);
			name = Products;
			sourceTree = "<group>";
		};
		D051417123B16E3200CD9D79 /* Just Tip */ = {
			isa = PBXGroup;
			children = (
				D051417223B16E3200CD9D79 /* AppDelegate.swift */,
				D051417423B16E3200CD9D79 /* SceneDelegate.swift */,
				D051417623B16E3200CD9D79 /* ViewController.swift */,
				D051417823B16E3200CD9D79 /* Main.storyboard */,
				D05141A223B1E0EC00CD9D79 /* SettingsViewController.swift */,
				D051417B23B16E3400CD9D79 /* Assets.xcassets */,
				D051417D23B16E3400CD9D79 /* LaunchScreen.storyboard */,
				D051418023B16E3400CD9D79 /* Info.plist */,
			);
			path = "Just Tip";
			sourceTree = "<group>";
		};
		D051418823B16E3500CD9D79 /* Just TipTests */ = {
			isa = PBXGroup;
			children = (
				D051418923B16E3500CD9D79 /* Just_TipTests.swift */,
				D051418B23B16E3500CD9D79 /* Info.plist */,
			);
			path = "Just TipTests";
			sourceTree = "<group>";
		};
		D051419323B16E3500CD9D79 /* Just TipUITests */ = {
			isa = PBXGroup;
			children = (
				D051419423B16E3500CD9D79 /* Just_TipUITests.swift */,
				D051419623B16E3500CD9D79 /* Info.plist */,
			);
			path = "Just TipUITests";
			sourceTree = "<group>";
		};
/* End PBXGroup section */

/* Begin PBXNativeTarget section */
		D051416E23B16E3200CD9D79 /* Just Tip */ = {
			isa = PBXNativeTarget;
			buildConfigurationList = D051419923B16E3500CD9D79 /* Build configuration list for PBXNativeTarget "Just Tip" */;
			buildPhases = (
				D051416B23B16E3200CD9D79 /* Sources */,
				D051416C23B16E3200CD9D79 /* Frameworks */,
				D051416D23B16E3200CD9D79 /* Resources */,
			);
			buildRules = (
			);
			dependencies = (
			);
			name = "Just Tip";
			productName = "Just Tip";
			productReference = D051416F23B16E3200CD9D79 /* Just Tip.app */;
			productType = "com.apple.product-type.application";
		};
		D051418423B16E3500CD9D79 /* Just TipTests */ = {
			isa = PBXNativeTarget;
			buildConfigurationList = D051419C23B16E3500CD9D79 /* Build configuration list for PBXNativeTarget "Just TipTests" */;
			buildPhases = (
				D051418123B16E3500CD9D79 /* Sources */,
				D051418223B16E3500CD9D79 /* Frameworks */,
				D051418323B16E3500CD9D79 /* Resources */,
			);
			buildRules = (
			);
			dependencies = (
				D051418723B16E3500CD9D79 /* PBXTargetDependency */,
			);
			name = "Just TipTests";
			productName = "Just TipTests";
			productReference = D051418523B16E3500CD9D79 /* Just TipTests.xctest */;
			productType = "com.apple.product-type.bundle.unit-test";
		};
		D051418F23B16E3500CD9D79 /* Just TipUITests */ = {
			isa = PBXNativeTarget;
			buildConfigurationList = D051419F23B16E3500CD9D79 /* Build configuration list for PBXNativeTarget "Just TipUITests" */;
			buildPhases = (
				D051418C23B16E3500CD9D79 /* Sources */,
				D051418D23B16E3500CD9D79 /* Frameworks */,
				D051418E23B16E3500CD9D79 /* Resources */,
			);
			buildRules = (
			);
			dependencies = (
				D051419223B16E3500CD9D79 /* PBXTargetDependency */,
			);
			name = "Just TipUITests";
			productName = "Just TipUITests";
			productReference = D051419023B16E3500CD9D79 /* Just TipUITests.xctest */;
			productType = "com.apple.product-type.bundle.ui-testing";
		};
/* End PBXNativeTarget section */

/* Begin PBXProject section */
		D051416723B16E3200CD9D79 /* Project object */ = {
			isa = PBXProject;
			attributes = {
				LastSwiftUpdateCheck = 1130;
				LastUpgradeCheck = 1130;
				ORGANIZATIONNAME = "SMC Software";
				TargetAttributes = {
					D051416E23B16E3200CD9D79 = {
						CreatedOnToolsVersion = 11.3;
					};
					D051418423B16E3500CD9D79 = {
						CreatedOnToolsVersion = 11.3;
						TestTargetID = D051416E23B16E3200CD9D79;
					};
					D051418F23B16E3500CD9D79 = {
						CreatedOnToolsVersion = 11.3;
						TestTargetID = D051416E23B16E3200CD9D79;
					};
				};
			};
			buildConfigurationList = D051416A23B16E3200CD9D79 /* Build configuration list for PBXProject "Just Tip" */;
			compatibilityVersion = "Xcode 9.3";
			developmentRegion = en;
			hasScannedForEncodings = 0;
			knownRegions = (
				en,
				Base,
			);
			mainGroup = D051416623B16E3200CD9D79;
			productRefGroup = D051417023B16E3200CD9D79 /* Products */;
			projectDirPath = "";
			projectRoot = "";
			targets = (
				D051416E23B16E3200CD9D79 /* Just Tip */,
				D051418423B16E3500CD9D79 /* Just TipTests */,
				D051418F23B16E3500CD9D79 /* Just TipUITests */,
			);
		};
/* End PBXProject section */

/* Begin PBXResourcesBuildPhase section */
		D051416D23B16E3200CD9D79 /* Resources */ = {
			isa = PBXResourcesBuildPhase;
			buildActionMask = 2147483647;
			files = (
				D051417F23B16E3400CD9D79 /* LaunchScreen.storyboard in Resources */,
				D051417C23B16E3400CD9D79 /* Assets.xcassets in Resources */,
				D051417A23B16E3200CD9D79 /* Main.storyboard in Resources */,
			);
			runOnlyForDeploymentPostprocessing = 0;
		};
		D051418323B16E3500CD9D79 /* Resources */ = {
			isa = PBXResourcesBuildPhase;
			buildActionMask = 2147483647;
			files = (
			);
			runOnlyForDeploymentPostprocessing = 0;
		};
		D051418E23B16E3500CD9D79 /* Resources */ = {
			isa = PBXResourcesBuildPhase;
			buildActionMask = 2147483647;
			files = (
			);
			runOnlyForDeploymentPostprocessing = 0;
		};
/* End PBXResourcesBuildPhase section */

/* Begin PBXSourcesBuildPhase section */
		D051416B23B16E3200CD9D79 /* Sources */ = {
			isa = PBXSourcesBuildPhase;
			buildActionMask = 2147483647;
			files = (
				D051417723B16E3200CD9D79 /* ViewController.swift in Sources */,
				D051417323B16E3200CD9D79 /* AppDelegate.swift in Sources */,
				D051417523B16E3200CD9D79 /* SceneDelegate.swift in Sources */,
				D05141A323B1E0EC00CD9D79 /* SettingsViewController.swift in Sources */,
			);
			runOnlyForDeploymentPostprocessing = 0;
		};
		D051418123B16E3500CD9D79 /* Sources */ = {
			isa = PBXSourcesBuildPhase;
			buildActionMask = 2147483647;
			files = (
				D051418A23B16E3500CD9D79 /* Just_TipTests.swift in Sources */,
			);
			runOnlyForDeploymentPostprocessing = 0;
		};
		D051418C23B16E3500CD9D79 /* Sources */ = {
			isa = PBXSourcesBuildPhase;
			buildActionMask = 2147483647;
			files = (
				D051419523B16E3500CD9D79 /* Just_TipUITests.swift in Sources */,
			);
			runOnlyForDeploymentPostprocessing = 0;
		};
/* End PBXSourcesBuildPhase section */

/* Begin PBXTargetDependency section */
		D051418723B16E3500CD9D79 /* PBXTargetDependency */ = {
			isa = PBXTargetDependency;
			target = D051416E23B16E3200CD9D79 /* Just Tip */;
			targetProxy = D051418623B16E3500CD9D79 /* PBXContainerItemProxy */;
		};
		D051419223B16E3500CD9D79 /* PBXTargetDependency */ = {
			isa = PBXTargetDependency;
			target = D051416E23B16E3200CD9D79 /* Just Tip */;
			targetProxy = D051419123B16E3500CD9D79 /* PBXContainerItemProxy */;
		};
/* End PBXTargetDependency section */

/* Begin PBXVariantGroup section */
		D051417823B16E3200CD9D79 /* Main.storyboard */ = {
			isa = PBXVariantGroup;
			children = (
				D051417923B16E3200CD9D79 /* Base */,
			);
			name = Main.storyboard;
			sourceTree = "<group>";
		};
		D051417D23B16E3400CD9D79 /* LaunchScreen.storyboard */ = {
			isa = PBXVariantGroup;
			children = (
				D051417E23B16E3400CD9D79 /* Base */,
			);
			name = LaunchScreen.storyboard;
			sourceTree = "<group>";
		};
/* End PBXVariantGroup section */

/* Begin XCBuildConfiguration section */
		D051419723B16E3500CD9D79 /* Debug */ = {
			isa = XCBuildConfiguration;
			buildSettings = {
				ALWAYS_SEARCH_USER_PATHS = NO;
				CLANG_ANALYZER_NONNULL = YES;
				CLANG_ANALYZER_NUMBER_OBJECT_CONVERSION = YES_AGGRESSIVE;
				CLANG_CXX_LANGUAGE_STANDARD = "gnu++14";
				CLANG_CXX_LIBRARY = "libc++";
				CLANG_ENABLE_MODULES = YES;
				CLANG_ENABLE_OBJC_ARC = YES;
				CLANG_ENABLE_OBJC_WEAK = YES;
				CLANG_WARN_BLOCK_CAPTURE_AUTORELEASING = YES;
				CLANG_WARN_BOOL_CONVERSION = YES;
				CLANG_WARN_COMMA = YES;
				CLANG_WARN_CONSTANT_CONVERSION = YES;
				CLANG_WARN_DEPRECATED_OBJC_IMPLEMENTATIONS = YES;
				CLANG_WARN_DIRECT_OBJC_ISA_USAGE = YES_ERROR;
				CLANG_WARN_DOCUMENTATION_COMMENTS = YES;
				CLANG_WARN_EMPTY_BODY = YES;
				CLANG_WARN_ENUM_CONVERSION = YES;
				CLANG_WARN_INFINITE_RECURSION = YES;
				CLANG_WARN_INT_CONVERSION = YES;
				CLANG_WARN_NON_LITERAL_NULL_CONVERSION = YES;
				CLANG_WARN_OBJC_IMPLICIT_RETAIN_SELF = YES;
				CLANG_WARN_OBJC_LITERAL_CONVERSION = YES;
				CLANG_WARN_OBJC_ROOT_CLASS = YES_ERROR;
				CLANG_WARN_RANGE_LOOP_ANALYSIS = YES;
				CLANG_WARN_STRICT_PROTOTYPES = YES;
				CLANG_WARN_SUSPICIOUS_MOVE = YES;
				CLANG_WARN_UNGUARDED_AVAILABILITY = YES_AGGRESSIVE;
				CLANG_WARN_UNREACHABLE_CODE = YES;
				CLANG_WARN__DUPLICATE_METHOD_MATCH = YES;
				COPY_PHASE_STRIP = NO;
				DEBUG_INFORMATION_FORMAT = dwarf;
				ENABLE_STRICT_OBJC_MSGSEND = YES;
				ENABLE_TESTABILITY = YES;
				GCC_C_LANGUAGE_STANDARD = gnu11;
				GCC_DYNAMIC_NO_PIC = NO;
				GCC_NO_COMMON_BLOCKS = YES;
				GCC_OPTIMIZATION_LEVEL = 0;
				GCC_PREPROCESSOR_DEFINITIONS = (
					"DEBUG=1",
					"$(inherited)",
				);
				GCC_WARN_64_TO_32_BIT_CONVERSION = YES;
				GCC_WARN_ABOUT_RETURN_TYPE = YES_ERROR;
				GCC_WARN_UNDECLARED_SELECTOR = YES;
				GCC_WARN_UNINITIALIZED_AUTOS = YES_AGGRESSIVE;
				GCC_WARN_UNUSED_FUNCTION = YES;
				GCC_WARN_UNUSED_VARIABLE = YES;
				IPHONEOS_DEPLOYMENT_TARGET = 13.2;
				MTL_ENABLE_DEBUG_INFO = INCLUDE_SOURCE;
				MTL_FAST_MATH = YES;
				ONLY_ACTIVE_ARCH = YES;
				SDKROOT = iphoneos;
				SWIFT_ACTIVE_COMPILATION_CONDITIONS = DEBUG;
				SWIFT_OPTIMIZATION_LEVEL = "-Onone";
			};
			name = Debug;
		};
		D051419823B16E3500CD9D79 /* Release */ = {
			isa = XCBuildConfiguration;
			buildSettings = {
				ALWAYS_SEARCH_USER_PATHS = NO;
				CLANG_ANALYZER_NONNULL = YES;
				CLANG_ANALYZER_NUMBER_OBJECT_CONVERSION = YES_AGGRESSIVE;
				CLANG_CXX_LANGUAGE_STANDARD = "gnu++14";
				CLANG_CXX_LIBRARY = "libc++";
				CLANG_ENABLE_MODULES = YES;
				CLANG_ENABLE_OBJC_ARC = YES;
				CLANG_ENABLE_OBJC_WEAK = YES;
				CLANG_WARN_BLOCK_CAPTURE_AUTORELEASING = YES;
				CLANG_WARN_BOOL_CONVERSION = YES;
				CLANG_WARN_COMMA = YES;
				CLANG_WARN_CONSTANT_CONVERSION = YES;
				CLANG_WARN_DEPRECATED_OBJC_IMPLEMENTATIONS = YES;
				CLANG_WARN_DIRECT_OBJC_ISA_USAGE = YES_ERROR;
				CLANG_WARN_DOCUMENTATION_COMMENTS = YES;
				CLANG_WARN_EMPTY_BODY = YES;
				CLANG_WARN_ENUM_CONVERSION = YES;
				CLANG_WARN_INFINITE_RECURSION = YES;
				CLANG_WARN_INT_CONVERSION = YES;
				CLANG_WARN_NON_LITERAL_NULL_CONVERSION = YES;
				CLANG_WARN_OBJC_IMPLICIT_RETAIN_SELF = YES;
				CLANG_WARN_OBJC_LITERAL_CONVERSION = YES;
				CLANG_WARN_OBJC_ROOT_CLASS = YES_ERROR;
				CLANG_WARN_RANGE_LOOP_ANALYSIS = YES;
				CLANG_WARN_STRICT_PROTOTYPES = YES;
				CLANG_WARN_SUSPICIOUS_MOVE = YES;
				CLANG_WARN_UNGUARDED_AVAILABILITY = YES_AGGRESSIVE;
				CLANG_WARN_UNREACHABLE_CODE = YES;
				CLANG_WARN__DUPLICATE_METHOD_MATCH = YES;
				COPY_PHASE_STRIP = NO;
				DEBUG_INFORMATION_FORMAT = "dwarf-with-dsym";
				ENABLE_NS_ASSERTIONS = NO;
				ENABLE_STRICT_OBJC_MSGSEND = YES;
				GCC_C_LANGUAGE_STANDARD = gnu11;
				GCC_NO_COMMON_BLOCKS = YES;
				GCC_WARN_64_TO_32_BIT_CONVERSION = YES;
				GCC_WARN_ABOUT_RETURN_TYPE = YES_ERROR;
				GCC_WARN_UNDECLARED_SELECTOR = YES;
				GCC_WARN_UNINITIALIZED_AUTOS = YES_AGGRESSIVE;
				GCC_WARN_UNUSED_FUNCTION = YES;
				GCC_WARN_UNUSED_VARIABLE = YES;
				IPHONEOS_DEPLOYMENT_TARGET = 13.2;
				MTL_ENABLE_DEBUG_INFO = NO;
				MTL_FAST_MATH = YES;
				SDKROOT = iphoneos;
				SWIFT_COMPILATION_MODE = wholemodule;
				SWIFT_OPTIMIZATION_LEVEL = "-O";
				VALIDATE_PRODUCT = YES;
			};
			name = Release;
		};
		D051419A23B16E3500CD9D79 /* Debug */ = {
			isa = XCBuildConfiguration;
			buildSettings = {
				ASSETCATALOG_COMPILER_APPICON_NAME = AppIcon;
				CODE_SIGN_STYLE = Automatic;
				INFOPLIST_FILE = "Just Tip/Info.plist";
				LD_RUNPATH_SEARCH_PATHS = (
					"$(inherited)",
					"@executable_path/Frameworks",
				);
				PRODUCT_BUNDLE_IDENTIFIER = "SMC.Just-Tip";
				PRODUCT_NAME = "$(TARGET_NAME)";
				SWIFT_VERSION = 5.0;
				TARGETED_DEVICE_FAMILY = "1,2";
			};
			name = Debug;
		};
		D051419B23B16E3500CD9D79 /* Release */ = {
			isa = XCBuildConfiguration;
			buildSettings = {
				ASSETCATALOG_COMPILER_APPICON_NAME = AppIcon;
				CODE_SIGN_STYLE = Automatic;
				INFOPLIST_FILE = "Just Tip/Info.plist";
				LD_RUNPATH_SEARCH_PATHS = (
					"$(inherited)",
					"@executable_path/Frameworks",
				);
				PRODUCT_BUNDLE_IDENTIFIER = "SMC.Just-Tip";
				PRODUCT_NAME = "$(TARGET_NAME)";
				SWIFT_VERSION = 5.0;
				TARGETED_DEVICE_FAMILY = "1,2";
			};
			name = Release;
		};
		D051419D23B16E3500CD9D79 /* Debug */ = {
			isa = XCBuildConfiguration;
			buildSettings = {
				ALWAYS_EMBED_SWIFT_STANDARD_LIBRARIES = YES;
				BUNDLE_LOADER = "$(TEST_HOST)";
				CODE_SIGN_STYLE = Automatic;
				INFOPLIST_FILE = "Just TipTests/Info.plist";
				IPHONEOS_DEPLOYMENT_TARGET = 13.2;
				LD_RUNPATH_SEARCH_PATHS = (
					"$(inherited)",
					"@executable_path/Frameworks",
					"@loader_path/Frameworks",
				);
				PRODUCT_BUNDLE_IDENTIFIER = "SMC.Just-TipTests";
				PRODUCT_NAME = "$(TARGET_NAME)";
				SWIFT_VERSION = 5.0;
				TARGETED_DEVICE_FAMILY = "1,2";
				TEST_HOST = "$(BUILT_PRODUCTS_DIR)/Just Tip.app/Just Tip";
			};
			name = Debug;
		};
		D051419E23B16E3500CD9D79 /* Release */ = {
			isa = XCBuildConfiguration;
			buildSettings = {
				ALWAYS_EMBED_SWIFT_STANDARD_LIBRARIES = YES;
				BUNDLE_LOADER = "$(TEST_HOST)";
				CODE_SIGN_STYLE = Automatic;
				INFOPLIST_FILE = "Just TipTests/Info.plist";
				IPHONEOS_DEPLOYMENT_TARGET = 13.2;
				LD_RUNPATH_SEARCH_PATHS = (
					"$(inherited)",
					"@executable_path/Frameworks",
					"@loader_path/Frameworks",
				);
				PRODUCT_BUNDLE_IDENTIFIER = "SMC.Just-TipTests";
				PRODUCT_NAME = "$(TARGET_NAME)";
				SWIFT_VERSION = 5.0;
				TARGETED_DEVICE_FAMILY = "1,2";
				TEST_HOST = "$(BUILT_PRODUCTS_DIR)/Just Tip.app/Just Tip";
			};
			name = Release;
		};
		D05141A023B16E3500CD9D79 /* Debug */ = {
			isa = XCBuildConfiguration;
			buildSettings = {
				ALWAYS_EMBED_SWIFT_STANDARD_LIBRARIES = YES;
				CODE_SIGN_STYLE = Automatic;
				INFOPLIST_FILE = "Just TipUITests/Info.plist";
				LD_RUNPATH_SEARCH_PATHS = (
					"$(inherited)",
					"@executable_path/Frameworks",
					"@loader_path/Frameworks",
				);
				PRODUCT_BUNDLE_IDENTIFIER = "SMC.Just-TipUITests";
				PRODUCT_NAME = "$(TARGET_NAME)";
				SWIFT_VERSION = 5.0;
				TARGETED_DEVICE_FAMILY = "1,2";
				TEST_TARGET_NAME = "Just Tip";
			};
			name = Debug;
		};
		D05141A123B16E3500CD9D79 /* Release */ = {
			isa = XCBuildConfiguration;
			buildSettings = {
				ALWAYS_EMBED_SWIFT_STANDARD_LIBRARIES = YES;
				CODE_SIGN_STYLE = Automatic;
				INFOPLIST_FILE = "Just TipUITests/Info.plist";
				LD_RUNPATH_SEARCH_PATHS = (
					"$(inherited)",
					"@executable_path/Frameworks",
					"@loader_path/Frameworks",
				);
				PRODUCT_BUNDLE_IDENTIFIER = "SMC.Just-TipUITests";
				PRODUCT_NAME = "$(TARGET_NAME)";
				SWIFT_VERSION = 5.0;
				TARGETED_DEVICE_FAMILY = "1,2";
				TEST_TARGET_NAME = "Just Tip";
			};
			name = Release;
		};
/* End XCBuildConfiguration section */

/* Begin XCConfigurationList section */
		D051416A23B16E3200CD9D79 /* Build configuration list for PBXProject "Just Tip" */ = {
			isa = XCConfigurationList;
			buildConfigurations = (
				D051419723B16E3500CD9D79 /* Debug */,
				D051419823B16E3500CD9D79 /* Release */,
			);
			defaultConfigurationIsVisible = 0;
			defaultConfigurationName = Release;
		};
		D051419923B16E3500CD9D79 /* Build configuration list for PBXNativeTarget "Just Tip" */ = {
			isa = XCConfigurationList;
			buildConfigurations = (
				D051419A23B16E3500CD9D79 /* Debug */,
				D051419B23B16E3500CD9D79 /* Release */,
			);
			defaultConfigurationIsVisible = 0;
			defaultConfigurationName = Release;
		};
		D051419C23B16E3500CD9D79 /* Build configuration list for PBXNativeTarget "Just TipTests" */ = {
			isa = XCConfigurationList;
			buildConfigurations = (
				D051419D23B16E3500CD9D79 /* Debug */,
				D051419E23B16E3500CD9D79 /* Release */,
			);
			defaultConfigurationIsVisible = 0;
			defaultConfigurationName = Release;
		};
		D051419F23B16E3500CD9D79 /* Build configuration list for PBXNativeTarget "Just TipUITests" */ = {
			isa = XCConfigurationList;
			buildConfigurations = (
				D05141A023B16E3500CD9D79 /* Debug */,
				D05141A123B16E3500CD9D79 /* Release */,
			);
			defaultConfigurationIsVisible = 0;
			defaultConfigurationName = Release;
		};
/* End XCConfigurationList section */
	};
	rootObject = D051416723B16E3200CD9D79 /* Project object */;
}
